
Microsoft Visual Studio Solution File, Format Version 12.00
# Visual Studio Version 17
VisualStudioVersion = 17.11.35327.3
MinimumVisualStudioVersion = 10.0.40219.1
Project("{2150E333-8FDC-42A3-9474-1A3956D46DE8}") = "src", "src", "{DA0C6D6E-D68F-4603-BC74-DBEE37F6431A}"
EndProject
Project("{2150E333-8FDC-42A3-9474-1A3956D46DE8}") = "Backend", "Backend", "{8D712A8A-E352-458B-9909-651B3DC24085}"
EndProject
Project("{9A19103F-16F7-4668-BE54-9A1E7A4F7556}") = "BarberBoss.Api", "src\Backend\BarberBoss.Api\BarberBoss.Api.csproj", "{5F9C5A08-5CC1-42C1-A1E3-1C15695DA0BC}"
EndProject
Project("{9A19103F-16F7-4668-BE54-9A1E7A4F7556}") = "BarberBoss.Application", "src\Backend\BarberBoss.Application\BarberBoss.Application.csproj", "{8F39635C-2CFD-49C9-B6A7-0485E0943ED8}"
EndProject
Project("{9A19103F-16F7-4668-BE54-9A1E7A4F7556}") = "BarberBoss.Domain", "src\Backend\BarberBoss.Domain\BarberBoss.Domain.csproj", "{CD541E80-0209-4094-BE2D-D8C19F7BAB1F}"
EndProject
Project("{9A19103F-16F7-4668-BE54-9A1E7A4F7556}") = "BarberBoss.Infrastructure", "src\Backend\BarberBoss.Infrastructure\BarberBoss.Infrastructure.csproj", "{498BDBC1-308E-443F-895A-77ECF29E02AF}"
EndProject
Project("{2150E333-8FDC-42A3-9474-1A3956D46DE8}") = "Shared", "Shared", "{C24C8093-9111-49CB-A508-27B2F7032B02}"
EndProject
Project("{9A19103F-16F7-4668-BE54-9A1E7A4F7556}") = "BarberBoss.Communication", "src\Shared\BarberBoss.Communication\BarberBoss.Communication.csproj", "{C896D17C-0AFE-41C9-97F1-F40BE6BB989B}"
EndProject
Project("{9A19103F-16F7-4668-BE54-9A1E7A4F7556}") = "BarberBoss.Exception", "src\Shared\BarberBoss.Exception\BarberBoss.Exception.csproj", "{62195424-D339-421D-8103-0AB91469220E}"
EndProject
Project("{2150E333-8FDC-42A3-9474-1A3956D46DE8}") = "tests", "tests", "{5D6213A7-FD48-4AA2-8A5C-A9180DAA1AD2}"
EndProject
Project("{9A19103F-16F7-4668-BE54-9A1E7A4F7556}") = "Common.Tests.Utilities", "tests\Common.Tests.Utilities\Common.Tests.Utilities.csproj", "{E0383D9D-7052-493E-B28F-A8B13ABE3E0E}"
EndProject
Project("{9A19103F-16F7-4668-BE54-9A1E7A4F7556}") = "Validators.Tests", "tests\Validators.Tests\Validators.Tests.csproj", "{6C1FADDA-FC24-4A93-B0F7-3F9BF67EEA2C}"
EndProject
Project("{9A19103F-16F7-4668-BE54-9A1E7A4F7556}") = "UseCases.Tests", "tests\UseCases.Tests\UseCases.Tests.csproj", "{71FC0288-2FDB-47DB-AF80-47DD6E0F65D4}"
EndProject
Project("{9A19103F-16F7-4668-BE54-9A1E7A4F7556}") = "WebApi.Tests", "tests\WebApi.Tests\WebApi.Tests.csproj", "{8058399F-1719-40AF-8B0A-E596777FABE5}"
EndProject
Project("{2150E333-8FDC-42A3-9474-1A3956D46DE8}") = "Web", "Web", "{0FE1D07D-4442-42A8-B7EF-572FBB47C20C}"
EndProject
Project("{FAE04EC0-301F-11D3-BF4B-00C04F79EFBC}") = "BarberBoss.Web", "src\Web\BarberBoss.Web\BarberBoss.Web.csproj", "{8B1228CA-E1C4-40AD-8030-18A29DAC0359}"
EndProject
Global
	GlobalSection(SolutionConfigurationPlatforms) = preSolution
		Debug|Any CPU = Debug|Any CPU
		Release|Any CPU = Release|Any CPU
	EndGlobalSection
	GlobalSection(ProjectConfigurationPlatforms) = postSolution
		{5F9C5A08-5CC1-42C1-A1E3-1C15695DA0BC}.Debug|Any CPU.ActiveCfg = Debug|Any CPU
		{5F9C5A08-5CC1-42C1-A1E3-1C15695DA0BC}.Debug|Any CPU.Build.0 = Debug|Any CPU
		{5F9C5A08-5CC1-42C1-A1E3-1C15695DA0BC}.Release|Any CPU.ActiveCfg = Release|Any CPU
		{5F9C5A08-5CC1-42C1-A1E3-1C15695DA0BC}.Release|Any CPU.Build.0 = Release|Any CPU
		{8F39635C-2CFD-49C9-B6A7-0485E0943ED8}.Debug|Any CPU.ActiveCfg = Debug|Any CPU
		{8F39635C-2CFD-49C9-B6A7-0485E0943ED8}.Debug|Any CPU.Build.0 = Debug|Any CPU
		{8F39635C-2CFD-49C9-B6A7-0485E0943ED8}.Release|Any CPU.ActiveCfg = Release|Any CPU
		{8F39635C-2CFD-49C9-B6A7-0485E0943ED8}.Release|Any CPU.Build.0 = Release|Any CPU
		{CD541E80-0209-4094-BE2D-D8C19F7BAB1F}.Debug|Any CPU.ActiveCfg = Debug|Any CPU
		{CD541E80-0209-4094-BE2D-D8C19F7BAB1F}.Debug|Any CPU.Build.0 = Debug|Any CPU
		{CD541E80-0209-4094-BE2D-D8C19F7BAB1F}.Release|Any CPU.ActiveCfg = Release|Any CPU
		{CD541E80-0209-4094-BE2D-D8C19F7BAB1F}.Release|Any CPU.Build.0 = Release|Any CPU
		{498BDBC1-308E-443F-895A-77ECF29E02AF}.Debug|Any CPU.ActiveCfg = Debug|Any CPU
		{498BDBC1-308E-443F-895A-77ECF29E02AF}.Debug|Any CPU.Build.0 = Debug|Any CPU
		{498BDBC1-308E-443F-895A-77ECF29E02AF}.Release|Any CPU.ActiveCfg = Release|Any CPU
		{498BDBC1-308E-443F-895A-77ECF29E02AF}.Release|Any CPU.Build.0 = Release|Any CPU
		{C896D17C-0AFE-41C9-97F1-F40BE6BB989B}.Debug|Any CPU.ActiveCfg = Debug|Any CPU
		{C896D17C-0AFE-41C9-97F1-F40BE6BB989B}.Debug|Any CPU.Build.0 = Debug|Any CPU
		{C896D17C-0AFE-41C9-97F1-F40BE6BB989B}.Release|Any CPU.ActiveCfg = Release|Any CPU
		{C896D17C-0AFE-41C9-97F1-F40BE6BB989B}.Release|Any CPU.Build.0 = Release|Any CPU
		{62195424-D339-421D-8103-0AB91469220E}.Debug|Any CPU.ActiveCfg = Debug|Any CPU
		{62195424-D339-421D-8103-0AB91469220E}.Debug|Any CPU.Build.0 = Debug|Any CPU
		{62195424-D339-421D-8103-0AB91469220E}.Release|Any CPU.ActiveCfg = Release|Any CPU
		{62195424-D339-421D-8103-0AB91469220E}.Release|Any CPU.Build.0 = Release|Any CPU
		{E0383D9D-7052-493E-B28F-A8B13ABE3E0E}.Debug|Any CPU.ActiveCfg = Debug|Any CPU
		{E0383D9D-7052-493E-B28F-A8B13ABE3E0E}.Debug|Any CPU.Build.0 = Debug|Any CPU
		{E0383D9D-7052-493E-B28F-A8B13ABE3E0E}.Release|Any CPU.ActiveCfg = Release|Any CPU
		{E0383D9D-7052-493E-B28F-A8B13ABE3E0E}.Release|Any CPU.Build.0 = Release|Any CPU
		{6C1FADDA-FC24-4A93-B0F7-3F9BF67EEA2C}.Debug|Any CPU.ActiveCfg = Debug|Any CPU
		{6C1FADDA-FC24-4A93-B0F7-3F9BF67EEA2C}.Debug|Any CPU.Build.0 = Debug|Any CPU
		{6C1FADDA-FC24-4A93-B0F7-3F9BF67EEA2C}.Release|Any CPU.ActiveCfg = Release|Any CPU
		{6C1FADDA-FC24-4A93-B0F7-3F9BF67EEA2C}.Release|Any CPU.Build.0 = Release|Any CPU
		{71FC0288-2FDB-47DB-AF80-47DD6E0F65D4}.Debug|Any CPU.ActiveCfg = Debug|Any CPU
		{71FC0288-2FDB-47DB-AF80-47DD6E0F65D4}.Debug|Any CPU.Build.0 = Debug|Any CPU
		{71FC0288-2FDB-47DB-AF80-47DD6E0F65D4}.Release|Any CPU.ActiveCfg = Release|Any CPU
		{71FC0288-2FDB-47DB-AF80-47DD6E0F65D4}.Release|Any CPU.Build.0 = Release|Any CPU
		{8058399F-1719-40AF-8B0A-E596777FABE5}.Debug|Any CPU.ActiveCfg = Debug|Any CPU
		{8058399F-1719-40AF-8B0A-E596777FABE5}.Debug|Any CPU.Build.0 = Debug|Any CPU
		{8058399F-1719-40AF-8B0A-E596777FABE5}.Release|Any CPU.ActiveCfg = Release|Any CPU
		{8058399F-1719-40AF-8B0A-E596777FABE5}.Release|Any CPU.Build.0 = Release|Any CPU
		{8B1228CA-E1C4-40AD-8030-18A29DAC0359}.Debug|Any CPU.ActiveCfg = Debug|Any CPU
		{8B1228CA-E1C4-40AD-8030-18A29DAC0359}.Debug|Any CPU.Build.0 = Debug|Any CPU
		{8B1228CA-E1C4-40AD-8030-18A29DAC0359}.Release|Any CPU.ActiveCfg = Release|Any CPU
		{8B1228CA-E1C4-40AD-8030-18A29DAC0359}.Release|Any CPU.Build.0 = Release|Any CPU
	EndGlobalSection
	GlobalSection(SolutionProperties) = preSolution
		HideSolutionNode = FALSE
	EndGlobalSection
	GlobalSection(NestedProjects) = preSolution
		{8D712A8A-E352-458B-9909-651B3DC24085} = {DA0C6D6E-D68F-4603-BC74-DBEE37F6431A}
		{5F9C5A08-5CC1-42C1-A1E3-1C15695DA0BC} = {8D712A8A-E352-458B-9909-651B3DC24085}
		{8F39635C-2CFD-49C9-B6A7-0485E0943ED8} = {8D712A8A-E352-458B-9909-651B3DC24085}
		{CD541E80-0209-4094-BE2D-D8C19F7BAB1F} = {8D712A8A-E352-458B-9909-651B3DC24085}
		{498BDBC1-308E-443F-895A-77ECF29E02AF} = {8D712A8A-E352-458B-9909-651B3DC24085}
		{C24C8093-9111-49CB-A508-27B2F7032B02} = {DA0C6D6E-D68F-4603-BC74-DBEE37F6431A}
		{C896D17C-0AFE-41C9-97F1-F40BE6BB989B} = {C24C8093-9111-49CB-A508-27B2F7032B02}
		{62195424-D339-421D-8103-0AB91469220E} = {C24C8093-9111-49CB-A508-27B2F7032B02}
		{E0383D9D-7052-493E-B28F-A8B13ABE3E0E} = {5D6213A7-FD48-4AA2-8A5C-A9180DAA1AD2}
		{6C1FADDA-FC24-4A93-B0F7-3F9BF67EEA2C} = {5D6213A7-FD48-4AA2-8A5C-A9180DAA1AD2}
		{71FC0288-2FDB-47DB-AF80-47DD6E0F65D4} = {5D6213A7-FD48-4AA2-8A5C-A9180DAA1AD2}
		{8058399F-1719-40AF-8B0A-E596777FABE5} = {5D6213A7-FD48-4AA2-8A5C-A9180DAA1AD2}
		{0FE1D07D-4442-42A8-B7EF-572FBB47C20C} = {DA0C6D6E-D68F-4603-BC74-DBEE37F6431A}
		{8B1228CA-E1C4-40AD-8030-18A29DAC0359} = {0FE1D07D-4442-42A8-B7EF-572FBB47C20C}
	EndGlobalSection
	GlobalSection(ExtensibilityGlobals) = postSolution
		SolutionGuid = {6DB0FEE2-68DA-411B-B536-8D52E7B4F142}
	EndGlobalSection
EndGlobal
